[root]
name = "chaptrs"
version = "0.1.0"
dependencies = [
 "ffmpeg 0.2.0-alpha.1 (git+https://github.com/meh/rust-ffmpeg)",
]

[[package]]
name = "bitflags"
version = "0.3.3"
source = "registry+https://github.com/rust-lang/crates.io-index"

[[package]]
name = "ffmpeg"
version = "0.2.0-alpha.1"
source = "git+https://github.com/meh/rust-ffmpeg#0328dc111a6350edce39ea715547f23a269e9f45"
dependencies = [
 "bitflags 0.3.3 (registry+https://github.com/rust-lang/crates.io-index)",
 "ffmpeg-sys 2.8.2-2 (registry+https://github.com/rust-lang/crates.io-index)",
 "libc 0.2.2 (registry+https://github.com/rust-lang/crates.io-index)",
]

[[package]]
name = "ffmpeg-sys"
version = "2.8.2-2"
source = "registry+https://github.com/rust-lang/crates.io-index"
dependencies = [
 "libc 0.2.2 (registry+https://github.com/rust-lang/crates.io-index)",
]

[[package]]
name = "libc"
version = "0.2.2"
source = "registry+https://github.com/rust-lang/crates.io-index"

